{
  "version": 4,
  "terraform_version": "1.6.6",
  "serial": 13,
  "lineage": "d4dd326b-b154-6b4f-1674-1fe9eecd637d",
  "outputs": {
    "instance_ip": {
      "value": "34.242.208.160",
      "type": "string"
    }
  },
  "resources": [
    {
      "mode": "managed",
      "type": "aws_instance",
      "name": "public-ec2",
      "provider": "provider[\"registry.terraform.io/hashicorp/aws\"]",
      "instances": [
        {
          "schema_version": 1,
          "attributes": {
            "ami": "ami-0905a3c97561e0b69",
            "arn": "arn:aws:ec2:eu-west-1:733623648530:instance/i-0df3e9f8575ea0ef5",
            "associate_public_ip_address": true,
            "availability_zone": "eu-west-1a",
            "capacity_reservation_specification": [
              {
                "capacity_reservation_preference": "open",
                "capacity_reservation_target": []
              }
            ],
            "cpu_core_count": 1,
            "cpu_options": [
              {
                "amd_sev_snp": "",
                "core_count": 1,
                "threads_per_core": 1
              }
            ],
            "cpu_threads_per_core": 1,
            "credit_specification": [
              {
                "cpu_credits": "standard"
              }
            ],
            "disable_api_stop": false,
            "disable_api_termination": false,
            "ebs_block_device": [],
            "ebs_optimized": false,
            "enclave_options": [
              {
                "enabled": false
              }
            ],
            "ephemeral_block_device": [],
            "get_password_data": false,
            "hibernation": false,
            "host_id": "",
            "host_resource_group_arn": null,
            "iam_instance_profile": "",
            "id": "i-0df3e9f8575ea0ef5",
            "instance_initiated_shutdown_behavior": "stop",
            "instance_lifecycle": "",
            "instance_market_options": [],
            "instance_state": "running",
            "instance_type": "t2.micro",
            "ipv6_address_count": 0,
            "ipv6_addresses": [],
            "key_name": "terrakey",
            "launch_template": [],
            "maintenance_options": [
              {
                "auto_recovery": "default"
              }
            ],
            "metadata_options": [
              {
                "http_endpoint": "enabled",
                "http_protocol_ipv6": "disabled",
                "http_put_response_hop_limit": 1,
                "http_tokens": "optional",
                "instance_metadata_tags": "disabled"
              }
            ],
            "monitoring": false,
            "network_interface": [],
            "outpost_arn": "",
            "password_data": "",
            "placement_group": "",
            "placement_partition_number": 0,
            "primary_network_interface_id": "eni-0c89f48972f9612c3",
            "private_dns": "ip-10-0-1-171.eu-west-1.compute.internal",
            "private_dns_name_options": [
              {
                "enable_resource_name_dns_a_record": false,
                "enable_resource_name_dns_aaaa_record": false,
                "hostname_type": "ip-name"
              }
            ],
            "private_ip": "10.0.1.171",
            "public_dns": "ec2-34-242-208-160.eu-west-1.compute.amazonaws.com",
            "public_ip": "34.242.208.160",
            "root_block_device": [
              {
                "delete_on_termination": true,
                "device_name": "/dev/sda1",
                "encrypted": false,
                "iops": 100,
                "kms_key_id": "",
                "tags": {},
                "throughput": 0,
                "volume_id": "vol-004c0eb207ba6fa9c",
                "volume_size": 8,
                "volume_type": "gp2"
              }
            ],
            "secondary_private_ips": [],
            "security_groups": [],
            "source_dest_check": true,
            "spot_instance_request_id": "",
            "subnet_id": "subnet-06de27b6d58c6b1bf",
            "tags": {
              "Name": "fabric-public-ec2"
            },
            "tags_all": {
              "Name": "fabric-public-ec2"
            },
            "tenancy": "default",
            "timeouts": null,
            "user_data": null,
            "user_data_base64": null,
            "user_data_replace_on_change": false,
            "volume_tags": null,
            "vpc_security_group_ids": [
              "sg-02d7f1909489812db"
            ]
          },
          "sensitive_attributes": [],
          "private": "eyJlMmJmYjczMC1lY2FhLTExZTYtOGY4OC0zNDM2M2JjN2M0YzAiOnsiY3JlYXRlIjo2MDAwMDAwMDAwMDAsImRlbGV0ZSI6MTIwMDAwMDAwMDAwMCwidXBkYXRlIjo2MDAwMDAwMDAwMDB9LCJzY2hlbWFfdmVyc2lvbiI6IjEifQ==",
          "dependencies": [
            "aws_key_pair.terrakey",
            "aws_security_group.allow_traffic",
            "aws_subnet.publicsubnet",
            "aws_vpc.mainvpc"
          ]
        }
      ]
    },
    {
      "mode": "managed",
      "type": "aws_internet_gateway",
      "name": "myigw",
      "provider": "provider[\"registry.terraform.io/hashicorp/aws\"]",
      "instances": [
        {
          "schema_version": 0,
          "attributes": {
            "arn": "arn:aws:ec2:eu-west-1:733623648530:internet-gateway/igw-0ee1f504d0ef9c30a",
            "id": "igw-0ee1f504d0ef9c30a",
            "owner_id": "733623648530",
            "tags": {
              "Name": "myigw"
            },
            "tags_all": {
              "Name": "myigw"
            },
            "timeouts": null,
            "vpc_id": "vpc-04aa7fda48ca13fd4"
          },
          "sensitive_attributes": [],
          "private": "eyJlMmJmYjczMC1lY2FhLTExZTYtOGY4OC0zNDM2M2JjN2M0YzAiOnsiY3JlYXRlIjoxMjAwMDAwMDAwMDAwLCJkZWxldGUiOjEyMDAwMDAwMDAwMDAsInVwZGF0ZSI6MTIwMDAwMDAwMDAwMH19",
          "dependencies": [
            "aws_vpc.mainvpc"
          ]
        }
      ]
    },
    {
      "mode": "managed",
      "type": "aws_key_pair",
      "name": "terrakey",
      "provider": "provider[\"registry.terraform.io/hashicorp/aws\"]",
      "instances": [
        {
          "schema_version": 1,
          "attributes": {
            "arn": "arn:aws:ec2:eu-west-1:733623648530:key-pair/terrakey",
            "fingerprint": "8e:e2:7c:14:f3:83:15:2b:15:6f:4e:48:cc:ee:1d:33",
            "id": "terrakey",
            "key_name": "terrakey",
            "key_name_prefix": "",
            "key_pair_id": "key-062909aecd2c671d2",
            "key_type": "rsa",
            "public_key": "ssh-rsa AAAAB3NzaC1yc2EAAAADAQABAAACAQC4Z+tciUMKBonely0YUr4mJ7/MKifAoCNCGcbV42rAjwNHbh0JcoH1uWGGe4KN4w+4XmYW8EaTLKhltJHobwjRSweSmSmT8rKXlad5AzeU7JiOl8NFY7SLaUZ/DN3BRn3lkiddvBJX0DBzw9qCOoGPDOHbocgWj+aKl4NoTR10tD/Qrpx5Xo3u5QYlBHmYkyMQuPtkyOY+zj1zbo3t/NWVdBoVS4xZ7XoaK4T02jlO6ePsEul0eQKiLsziZRYxvrjep9gvSy66Ic+vQ2w4nWKOCzPbyS3Gn3m3o/EXSItzwAM+GgFZcSALC3Q8NTqSLGeuKs6wjwem0VGUVASF59Pk89CBy/+rKaoNN+7BxXFMItPAIlRYqwX0FrekSfKJN06/wXbckv6jUIcs+lSFbQZVKtYhc6owppVNjxFQj0LrUwuU0H4ixVgfTWCDyntxrBBty3C4qbC0LZDsy2mN6Dz5k1j+QIf4YVO1hdiN0uEL+vuJBDUyrn9Du3Es51c9JY92JRgkR2CyY3HBLKqanFp4xeVfPwQ2uHowQThY0x3K6YC/H3u7QPFIfDFLxHtiKO3B2J9np2e92t6bBumO7EkRyA14pVtVcXX52gJS6WPguxXwRQ0sqXylMebNC7jOsiwba8FRNCucK8Sjb/yMcwmrLgC/t90dAyrkQxPFeIMPiw== idarowan.ikperikpe@M-L333NXD07V",
            "tags": null,
            "tags_all": {}
          },
          "sensitive_attributes": [],
          "private": "eyJzY2hlbWFfdmVyc2lvbiI6IjEifQ=="
        }
      ]
    },
    {
      "mode": "managed",
      "type": "aws_route_table",
      "name": "igwroute",
      "provider": "provider[\"registry.terraform.io/hashicorp/aws\"]",
      "instances": [
        {
          "schema_version": 0,
          "attributes": {
            "arn": "arn:aws:ec2:eu-west-1:733623648530:route-table/rtb-02a3e517d4264feb6",
            "id": "rtb-02a3e517d4264feb6",
            "owner_id": "733623648530",
            "propagating_vgws": [],
            "route": [
              {
                "carrier_gateway_id": "",
                "cidr_block": "0.0.0.0/0",
                "core_network_arn": "",
                "destination_prefix_list_id": "",
                "egress_only_gateway_id": "",
                "gateway_id": "igw-0ee1f504d0ef9c30a",
                "ipv6_cidr_block": "",
                "local_gateway_id": "",
                "nat_gateway_id": "",
                "network_interface_id": "",
                "transit_gateway_id": "",
                "vpc_endpoint_id": "",
                "vpc_peering_connection_id": ""
              }
            ],
            "tags": {
              "Name": "igwroute"
            },
            "tags_all": {
              "Name": "igwroute"
            },
            "timeouts": null,
            "vpc_id": "vpc-04aa7fda48ca13fd4"
          },
          "sensitive_attributes": [],
          "private": "eyJlMmJmYjczMC1lY2FhLTExZTYtOGY4OC0zNDM2M2JjN2M0YzAiOnsiY3JlYXRlIjozMDAwMDAwMDAwMDAsImRlbGV0ZSI6MzAwMDAwMDAwMDAwLCJ1cGRhdGUiOjEyMDAwMDAwMDAwMH19",
          "dependencies": [
            "aws_internet_gateway.myigw",
            "aws_vpc.mainvpc"
          ]
        }
      ]
    },
    {
      "mode": "managed",
      "type": "aws_route_table_association",
      "name": "publicsubnetassoc",
      "provider": "provider[\"registry.terraform.io/hashicorp/aws\"]",
      "instances": [
        {
          "schema_version": 0,
          "attributes": {
            "gateway_id": "",
            "id": "rtbassoc-0c88ccfaaf3286e1d",
            "route_table_id": "rtb-02a3e517d4264feb6",
            "subnet_id": "subnet-06de27b6d58c6b1bf",
            "timeouts": null
          },
          "sensitive_attributes": [],
          "private": "eyJlMmJmYjczMC1lY2FhLTExZTYtOGY4OC0zNDM2M2JjN2M0YzAiOnsiY3JlYXRlIjozMDAwMDAwMDAwMDAsImRlbGV0ZSI6MzAwMDAwMDAwMDAwLCJ1cGRhdGUiOjEyMDAwMDAwMDAwMH19",
          "dependencies": [
            "aws_internet_gateway.myigw",
            "aws_route_table.igwroute",
            "aws_subnet.publicsubnet",
            "aws_vpc.mainvpc"
          ]
        }
      ]
    },
    {
      "mode": "managed",
      "type": "aws_security_group",
      "name": "allow_traffic",
      "provider": "provider[\"registry.terraform.io/hashicorp/aws\"]",
      "instances": [
        {
          "schema_version": 1,
          "attributes": {
            "arn": "arn:aws:ec2:eu-west-1:733623648530:security-group/sg-02d7f1909489812db",
            "description": "Allow TCP inbound traffic and all outbound traffic",
            "egress": [],
            "id": "sg-02d7f1909489812db",
            "ingress": [],
            "name": "allow_tcp",
            "name_prefix": "",
            "owner_id": "733623648530",
            "revoke_rules_on_delete": false,
            "tags": {
              "Name": "allow_TCP"
            },
            "tags_all": {
              "Name": "allow_TCP"
            },
            "timeouts": null,
            "vpc_id": "vpc-04aa7fda48ca13fd4"
          },
          "sensitive_attributes": [],
          "private": "eyJlMmJmYjczMC1lY2FhLTExZTYtOGY4OC0zNDM2M2JjN2M0YzAiOnsiY3JlYXRlIjo2MDAwMDAwMDAwMDAsImRlbGV0ZSI6OTAwMDAwMDAwMDAwfSwic2NoZW1hX3ZlcnNpb24iOiIxIn0=",
          "dependencies": [
            "aws_vpc.mainvpc"
          ]
        }
      ]
    },
    {
      "mode": "managed",
      "type": "aws_subnet",
      "name": "publicsubnet",
      "provider": "provider[\"registry.terraform.io/hashicorp/aws\"]",
      "instances": [
        {
          "schema_version": 1,
          "attributes": {
            "arn": "arn:aws:ec2:eu-west-1:733623648530:subnet/subnet-06de27b6d58c6b1bf",
            "assign_ipv6_address_on_creation": false,
            "availability_zone": "eu-west-1a",
            "availability_zone_id": "euw1-az1",
            "cidr_block": "10.0.1.0/24",
            "customer_owned_ipv4_pool": "",
            "enable_dns64": false,
            "enable_lni_at_device_index": 0,
            "enable_resource_name_dns_a_record_on_launch": false,
            "enable_resource_name_dns_aaaa_record_on_launch": false,
            "id": "subnet-06de27b6d58c6b1bf",
            "ipv6_cidr_block": "",
            "ipv6_cidr_block_association_id": "",
            "ipv6_native": false,
            "map_customer_owned_ip_on_launch": false,
            "map_public_ip_on_launch": true,
            "outpost_arn": "",
            "owner_id": "733623648530",
            "private_dns_hostname_type_on_launch": "ip-name",
            "tags": {
              "Name": "mainpublic"
            },
            "tags_all": {
              "Name": "mainpublic"
            },
            "timeouts": null,
            "vpc_id": "vpc-04aa7fda48ca13fd4"
          },
          "sensitive_attributes": [],
          "private": "eyJlMmJmYjczMC1lY2FhLTExZTYtOGY4OC0zNDM2M2JjN2M0YzAiOnsiY3JlYXRlIjo2MDAwMDAwMDAwMDAsImRlbGV0ZSI6MTIwMDAwMDAwMDAwMH0sInNjaGVtYV92ZXJzaW9uIjoiMSJ9",
          "dependencies": [
            "aws_vpc.mainvpc"
          ]
        }
      ]
    },
    {
      "mode": "managed",
      "type": "aws_vpc",
      "name": "mainvpc",
      "provider": "provider[\"registry.terraform.io/hashicorp/aws\"]",
      "instances": [
        {
          "schema_version": 1,
          "attributes": {
            "arn": "arn:aws:ec2:eu-west-1:733623648530:vpc/vpc-04aa7fda48ca13fd4",
            "assign_generated_ipv6_cidr_block": false,
            "cidr_block": "10.0.0.0/16",
            "default_network_acl_id": "acl-00d687a77ce9996ed",
            "default_route_table_id": "rtb-04c1cb0537a7b0934",
            "default_security_group_id": "sg-06612991a9649543f",
            "dhcp_options_id": "dopt-0a91601f942556652",
            "enable_dns_hostnames": true,
            "enable_dns_support": true,
            "enable_network_address_usage_metrics": false,
            "id": "vpc-04aa7fda48ca13fd4",
            "instance_tenancy": "default",
            "ipv4_ipam_pool_id": null,
            "ipv4_netmask_length": null,
            "ipv6_association_id": "",
            "ipv6_cidr_block": "",
            "ipv6_cidr_block_network_border_group": "",
            "ipv6_ipam_pool_id": "",
            "ipv6_netmask_length": 0,
            "main_route_table_id": "rtb-04c1cb0537a7b0934",
            "owner_id": "733623648530",
            "tags": {
              "Name": "fabricVPC"
            },
            "tags_all": {
              "Name": "fabricVPC"
            }
          },
          "sensitive_attributes": [],
          "private": "eyJzY2hlbWFfdmVyc2lvbiI6IjEifQ=="
        }
      ]
    },
    {
      "mode": "managed",
      "type": "aws_vpc_security_group_egress_rule",
      "name": "allow_all_traffic",
      "provider": "provider[\"registry.terraform.io/hashicorp/aws\"]",
      "instances": [
        {
          "schema_version": 0,
          "attributes": {
            "arn": "arn:aws:ec2:eu-west-1:733623648530:security-group-rule/sgr-0dffeff30069c90df",
            "cidr_ipv4": "0.0.0.0/0",
            "cidr_ipv6": null,
            "description": null,
            "from_port": null,
            "id": "sgr-0dffeff30069c90df",
            "ip_protocol": "-1",
            "prefix_list_id": null,
            "referenced_security_group_id": null,
            "security_group_id": "sg-02d7f1909489812db",
            "security_group_rule_id": "sgr-0dffeff30069c90df",
            "tags": null,
            "tags_all": {},
            "to_port": null
          },
          "sensitive_attributes": [],
          "dependencies": [
            "aws_security_group.allow_traffic",
            "aws_vpc.mainvpc"
          ]
        }
      ]
    },
    {
      "mode": "managed",
      "type": "aws_vpc_security_group_ingress_rule",
      "name": "allow_connection_to_DB",
      "provider": "provider[\"registry.terraform.io/hashicorp/aws\"]",
      "instances": [
        {
          "schema_version": 0,
          "attributes": {
            "arn": "arn:aws:ec2:eu-west-1:733623648530:security-group-rule/sgr-028d11fbba00584ce",
            "cidr_ipv4": "104.30.176.2/32",
            "cidr_ipv6": null,
            "description": null,
            "from_port": 27017,
            "id": "sgr-028d11fbba00584ce",
            "ip_protocol": "tcp",
            "prefix_list_id": null,
            "referenced_security_group_id": null,
            "security_group_id": "sg-02d7f1909489812db",
            "security_group_rule_id": "sgr-028d11fbba00584ce",
            "tags": null,
            "tags_all": {},
            "to_port": 27019
          },
          "sensitive_attributes": [],
          "dependencies": [
            "aws_security_group.allow_traffic",
            "aws_vpc.mainvpc"
          ]
        }
      ]
    },
    {
      "mode": "managed",
      "type": "aws_vpc_security_group_ingress_rule",
      "name": "allow_ssh",
      "provider": "provider[\"registry.terraform.io/hashicorp/aws\"]",
      "instances": [
        {
          "schema_version": 0,
          "attributes": {
            "arn": "arn:aws:ec2:eu-west-1:733623648530:security-group-rule/sgr-0b78d864d83e50905",
            "cidr_ipv4": "104.30.176.2/32",
            "cidr_ipv6": null,
            "description": null,
            "from_port": 22,
            "id": "sgr-0b78d864d83e50905",
            "ip_protocol": "tcp",
            "prefix_list_id": null,
            "referenced_security_group_id": null,
            "security_group_id": "sg-02d7f1909489812db",
            "security_group_rule_id": "sgr-0b78d864d83e50905",
            "tags": null,
            "tags_all": {},
            "to_port": 22
          },
          "sensitive_attributes": [],
          "dependencies": [
            "aws_security_group.allow_traffic",
            "aws_vpc.mainvpc"
          ]
        }
      ]
    },
    {
      "mode": "managed",
      "type": "aws_vpc_security_group_ingress_rule",
      "name": "allow_tcp",
      "provider": "provider[\"registry.terraform.io/hashicorp/aws\"]",
      "instances": [
        {
          "schema_version": 0,
          "attributes": {
            "arn": "arn:aws:ec2:eu-west-1:733623648530:security-group-rule/sgr-0d041e856fa0a8285",
            "cidr_ipv4": "77.107.233.162/32",
            "cidr_ipv6": null,
            "description": null,
            "from_port": 22,
            "id": "sgr-0d041e856fa0a8285",
            "ip_protocol": "tcp",
            "prefix_list_id": null,
            "referenced_security_group_id": null,
            "security_group_id": "sg-02d7f1909489812db",
            "security_group_rule_id": "sgr-0d041e856fa0a8285",
            "tags": null,
            "tags_all": {},
            "to_port": 22
          },
          "sensitive_attributes": [],
          "dependencies": [
            "aws_security_group.allow_traffic",
            "aws_vpc.mainvpc"
          ]
        }
      ]
    }
  ],
  "check_results": null
}
